# This file was autogenerated by Stack.
# You should not edit this file by hand.
# For more information, please see the documentation at:
#   https://docs.haskellstack.org/en/stable/lock_files

packages:
- completed:
    hackage: logger-0.1.0.2@sha256:38e86448cbd8abea17af2ce39a99886e7e4f4afc2c64a5bd34a93adc95c18949,2785
    pantry-tree:
      size: 1200
      sha256: cc650cdf30ae3a15c6b653ee21df5b1d5910ab04959b0baaac725cc64bd8b60e
  original:
    hackage: logger-0.1.0.2@sha256:38e86448cbd8abea17af2ce39a99886e7e4f4afc2c64a5bd34a93adc95c18949
snapshots:
- completed:
    size: 585393
    url: https://raw.githubusercontent.com/commercialhaskell/stackage-snapshots/master/lts/18/0.yaml
    sha256: c632012da648385b9fa3c29f4e0afd56ead299f1c5528ee789058be410e883c0
  original:
    url: https://raw.githubusercontent.com/commercialhaskell/stackage-snapshots/master/lts/18/0.yaml
